
Microsoft Visual Studio Solution File, Format Version 12.00
# Visual Studio Version 16
VisualStudioVersion = 16.0.30114.105
MinimumVisualStudioVersion = 10.0.40219.1
Project("{FAE04EC0-301F-11D3-BF4B-00C04F79EFBC}") = "API", "API\API.csproj", "{DB6E7C95-5736-4E0A-8C31-E01033C4428A}"
EndProject
Project("{FAE04EC0-301F-11D3-BF4B-00C04F79EFBC}") = "Application", "Application\Application.csproj", "{58BBCBCA-5A75-401E-9F70-4923289AAA68}"
EndProject
Project("{FAE04EC0-301F-11D3-BF4B-00C04F79EFBC}") = "Persistence", "Persistence\Persistence.csproj", "{0DAAD622-65DC-4890-8E0B-7D772133FABD}"
EndProject
Project("{FAE04EC0-301F-11D3-BF4B-00C04F79EFBC}") = "Domain", "Domain\Domain.csproj", "{D73E875A-76B6-40E8-AAB9-7A17A646F02A}"
EndProject
Global
	GlobalSection(SolutionConfigurationPlatforms) = preSolution
		Debug|Any CPU = Debug|Any CPU
		Release|Any CPU = Release|Any CPU
	EndGlobalSection
	GlobalSection(SolutionProperties) = preSolution
		HideSolutionNode = FALSE
	EndGlobalSection
	GlobalSection(ProjectConfigurationPlatforms) = postSolution
		{DB6E7C95-5736-4E0A-8C31-E01033C4428A}.Debug|Any CPU.ActiveCfg = Debug|Any CPU
		{DB6E7C95-5736-4E0A-8C31-E01033C4428A}.Debug|Any CPU.Build.0 = Debug|Any CPU
		{DB6E7C95-5736-4E0A-8C31-E01033C4428A}.Release|Any CPU.ActiveCfg = Release|Any CPU
		{DB6E7C95-5736-4E0A-8C31-E01033C4428A}.Release|Any CPU.Build.0 = Release|Any CPU
		{58BBCBCA-5A75-401E-9F70-4923289AAA68}.Debug|Any CPU.ActiveCfg = Debug|Any CPU
		{58BBCBCA-5A75-401E-9F70-4923289AAA68}.Debug|Any CPU.Build.0 = Debug|Any CPU
		{58BBCBCA-5A75-401E-9F70-4923289AAA68}.Release|Any CPU.ActiveCfg = Release|Any CPU
		{58BBCBCA-5A75-401E-9F70-4923289AAA68}.Release|Any CPU.Build.0 = Release|Any CPU
		{0DAAD622-65DC-4890-8E0B-7D772133FABD}.Debug|Any CPU.ActiveCfg = Debug|Any CPU
		{0DAAD622-65DC-4890-8E0B-7D772133FABD}.Debug|Any CPU.Build.0 = Debug|Any CPU
		{0DAAD622-65DC-4890-8E0B-7D772133FABD}.Release|Any CPU.ActiveCfg = Release|Any CPU
		{0DAAD622-65DC-4890-8E0B-7D772133FABD}.Release|Any CPU.Build.0 = Release|Any CPU
		{D73E875A-76B6-40E8-AAB9-7A17A646F02A}.Debug|Any CPU.ActiveCfg = Debug|Any CPU
		{D73E875A-76B6-40E8-AAB9-7A17A646F02A}.Debug|Any CPU.Build.0 = Debug|Any CPU
		{D73E875A-76B6-40E8-AAB9-7A17A646F02A}.Release|Any CPU.ActiveCfg = Release|Any CPU
		{D73E875A-76B6-40E8-AAB9-7A17A646F02A}.Release|Any CPU.Build.0 = Release|Any CPU
	EndGlobalSection
EndGlobal
